// !$*UTF8*$!
{
	archiveVersion = 1;
	classes = {
	};
	objectVersion = 50;
	objects = {

/* Begin PBXBuildFile section */
		9BB52F3C22163E4600EAE883 /* AppDelegate.swift in Sources */ = {isa = PBXBuildFile; fileRef = 9BB52F3B22163E4600EAE883 /* AppDelegate.swift */; };
		9BB52F3E22163E4600EAE883 /* ViewController.swift in Sources */ = {isa = PBXBuildFile; fileRef = 9BB52F3D22163E4600EAE883 /* ViewController.swift */; };
		9BB52F4122163E4600EAE883 /* Main.storyboard in Resources */ = {isa = PBXBuildFile; fileRef = 9BB52F3F22163E4600EAE883 /* Main.storyboard */; };
		9BB52F4322163E4800EAE883 /* Assets.xcassets in Resources */ = {isa = PBXBuildFile; fileRef = 9BB52F4222163E4800EAE883 /* Assets.xcassets */; };
		9BB52F4622163E4800EAE883 /* LaunchScreen.storyboard in Resources */ = {isa = PBXBuildFile; fileRef = 9BB52F4422163E4800EAE883 /* LaunchScreen.storyboard */; };
		9BB52F5122163E4800EAE883 /* TipTests.swift in Sources */ = {isa = PBXBuildFile; fileRef = 9BB52F5022163E4800EAE883 /* TipTests.swift */; };
		9BB52F5C22163E4800EAE883 /* TipUITests.swift in Sources */ = {isa = PBXBuildFile; fileRef = 9BB52F5B22163E4800EAE883 /* TipUITests.swift */; };
/* End PBXBuildFile section */

/* Begin PBXContainerItemProxy section */
		9BB52F4D22163E4800EAE883 /* PBXContainerItemProxy */ = {
			isa = PBXContainerItemProxy;
			containerPortal = 9BB52F3022163E4600EAE883 /* Project object */;
			proxyType = 1;
			remoteGlobalIDString = 9BB52F3722163E4600EAE883;
			remoteInfo = Tip;
		};
		9BB52F5822163E4800EAE883 /* PBXContainerItemProxy */ = {
			isa = PBXContainerItemProxy;
			containerPortal = 9BB52F3022163E4600EAE883 /* Project object */;
			proxyType = 1;
			remoteGlobalIDString = 9BB52F3722163E4600EAE883;
			remoteInfo = Tip;
		};
/* End PBXContainerItemProxy section */

/* Begin PBXFileReference section */
		9BB52F3822163E4600EAE883 /* Tip.app */ = {isa = PBXFileReference; explicitFileType = wrapper.application; includeInIndex = 0; path = Tip.app; sourceTree = BUILT_PRODUCTS_DIR; };
		9BB52F3B22163E4600EAE883 /* AppDelegate.swift */ = {isa = PBXFileReference; lastKnownFileType = sourcecode.swift; path = AppDelegate.swift; sourceTree = "<group>"; };
		9BB52F3D22163E4600EAE883 /* ViewController.swift */ = {isa = PBXFileReference; lastKnownFileType = sourcecode.swift; path = ViewController.swift; sourceTree = "<group>"; };
		9BB52F4022163E4600EAE883 /* Base */ = {isa = PBXFileReference; lastKnownFileType = file.storyboard; name = Base; path = Base.lproj/Main.storyboard; sourceTree = "<group>"; };
		9BB52F4222163E4800EAE883 /* Assets.xcassets */ = {isa = PBXFileReference; lastKnownFileType = folder.assetcatalog; path = Assets.xcassets; sourceTree = "<group>"; };
		9BB52F4522163E4800EAE883 /* Base */ = {isa = PBXFileReference; lastKnownFileType = file.storyboard; name = Base; path = Base.lproj/LaunchScreen.storyboard; sourceTree = "<group>"; };
		9BB52F4722163E4800EAE883 /* Info.plist */ = {isa = PBXFileReference; lastKnownFileType = text.plist.xml; path = Info.plist; sourceTree = "<group>"; };
		9BB52F4C22163E4800EAE883 /* TipTests.xctest */ = {isa = PBXFileReference; explicitFileType = wrapper.cfbundle; includeInIndex = 0; path = TipTests.xctest; sourceTree = BUILT_PRODUCTS_DIR; };
		9BB52F5022163E4800EAE883 /* TipTests.swift */ = {isa = PBXFileReference; lastKnownFileType = sourcecode.swift; path = TipTests.swift; sourceTree = "<group>"; };
		9BB52F5222163E4800EAE883 /* Info.plist */ = {isa = PBXFileReference; lastKnownFileType = text.plist.xml; path = Info.plist; sourceTree = "<group>"; };
		9BB52F5722163E4800EAE883 /* TipUITests.xctest */ = {isa = PBXFileReference; explicitFileType = wrapper.cfbundle; includeInIndex = 0; path = TipUITests.xctest; sourceTree = BUILT_PRODUCTS_DIR; };
		9BB52F5B22163E4800EAE883 /* TipUITests.swift */ = {isa = PBXFileReference; lastKnownFileType = sourcecode.swift; path = TipUITests.swift; sourceTree = "<group>"; };
		9BB52F5D22163E4800EAE883 /* Info.plist */ = {isa = PBXFileReference; lastKnownFileType = text.plist.xml; path = Info.plist; sourceTree = "<group>"; };
/* End PBXFileReference section */

/* Begin PBXFrameworksBuildPhase section */
		9BB52F3522163E4600EAE883 /* Frameworks */ = {
			isa = PBXFrameworksBuildPhase;
			buildActionMask = 2147483647;
			files = (
			);
			runOnlyForDeploymentPostprocessing = 0;
		};
		9BB52F4922163E4800EAE883 /* Frameworks */ = {
			isa = PBXFrameworksBuildPhase;
			buildActionMask = 2147483647;
			files = (
			);
			runOnlyForDeploymentPostprocessing = 0;
		};
		9BB52F5422163E4800EAE883 /* Frameworks */ = {
			isa = PBXFrameworksBuildPhase;
			buildActionMask = 2147483647;
			files = (
			);
			runOnlyForDeploymentPostprocessing = 0;
		};
/* End PBXFrameworksBuildPhase section */

/* Begin PBXGroup section */
		9BB52F2F22163E4600EAE883 = {
			isa = PBXGroup;
			children = (
				9BB52F3A22163E4600EAE883 /* Tip */,
				9BB52F4F22163E4800EAE883 /* TipTests */,
				9BB52F5A22163E4800EAE883 /* TipUITests */,
				9BB52F3922163E4600EAE883 /* Products */,
			);
			sourceTree = "<group>";
		};
		9BB52F3922163E4600EAE883 /* Products */ = {
			isa = PBXGroup;
			children = (
				9BB52F3822163E4600EAE883 /* Tip.app */,
				9BB52F4C22163E4800EAE883 /* TipTests.xctest */,
				9BB52F5722163E4800EAE883 /* TipUITests.xctest */,
			);
			name = Products;
			sourceTree = "<group>";
		};
		9BB52F3A22163E4600EAE883 /* Tip */ = {
			isa = PBXGroup;
			children = (
				9BB52F3B22163E4600EAE883 /* AppDelegate.swift */,
				9BB52F3D22163E4600EAE883 /* ViewController.swift */,
				9BB52F3F22163E4600EAE883 /* Main.storyboard */,
				9BB52F4222163E4800EAE883 /* Assets.xcassets */,
				9BB52F4422163E4800EAE883 /* LaunchScreen.storyboard */,
				9BB52F4722163E4800EAE883 /* Info.plist */,
			);
			path = Tip;
			sourceTree = "<group>";
		};
		9BB52F4F22163E4800EAE883 /* TipTests */ = {
			isa = PBXGroup;
			children = (
				9BB52F5022163E4800EAE883 /* TipTests.swift */,
				9BB52F5222163E4800EAE883 /* Info.plist */,
			);
			path = TipTests;
			sourceTree = "<group>";
		};
		9BB52F5A22163E4800EAE883 /* TipUITests */ = {
			isa = PBXGroup;
			children = (
				9BB52F5B22163E4800EAE883 /* TipUITests.swift */,
				9BB52F5D22163E4800EAE883 /* Info.plist */,
			);
			path = TipUITests;
			sourceTree = "<group>";
		};
/* End PBXGroup section */

/* Begin PBXNativeTarget section */
		9BB52F3722163E4600EAE883 /* Tip */ = {
			isa = PBXNativeTarget;
			buildConfigurationList = 9BB52F6022163E4800EAE883 /* Build configuration list for PBXNativeTarget "Tip" */;
			buildPhases = (
				9BB52F3422163E4600EAE883 /* Sources */,
				9BB52F3522163E4600EAE883 /* Frameworks */,
				9BB52F3622163E4600EAE883 /* Resources */,
			);
			buildRules = (
			);
			dependencies = (
			);
			name = Tip;
			productName = Tip;
			productReference = 9BB52F3822163E4600EAE883 /* Tip.app */;
			productType = "com.apple.product-type.application";
		};
		9BB52F4B22163E4800EAE883 /* TipTests */ = {
			isa = PBXNativeTarget;
			buildConfigurationList = 9BB52F6322163E4800EAE883 /* Build configuration list for PBXNativeTarget "TipTests" */;
			buildPhases = (
				9BB52F4822163E4800EAE883 /* Sources */,
				9BB52F4922163E4800EAE883 /* Frameworks */,
				9BB52F4A22163E4800EAE883 /* Resources */,
			);
			buildRules = (
			);
			dependencies = (
				9BB52F4E22163E4800EAE883 /* PBXTargetDependency */,
			);
			name = TipTests;
			productName = TipTests;
			productReference = 9BB52F4C22163E4800EAE883 /* TipTests.xctest */;
			productType = "com.apple.product-type.bundle.unit-test";
		};
		9BB52F5622163E4800EAE883 /* TipUITests */ = {
			isa = PBXNativeTarget;
			buildConfigurationList = 9BB52F6622163E4800EAE883 /* Build configuration list for PBXNativeTarget "TipUITests" */;
			buildPhases = (
				9BB52F5322163E4800EAE883 /* Sources */,
				9BB52F5422163E4800EAE883 /* Frameworks */,
				9BB52F5522163E4800EAE883 /* Resources */,
			);
			buildRules = (
			);
			dependencies = (
				9BB52F5922163E4800EAE883 /* PBXTargetDependency */,
			);
			name = TipUITests;
			productName = TipUITests;
			productReference = 9BB52F5722163E4800EAE883 /* TipUITests.xctest */;
			productType = "com.apple.product-type.bundle.ui-testing";
		};
/* End PBXNativeTarget section */

/* Begin PBXProject section */
		9BB52F3022163E4600EAE883 /* Project object */ = {
			isa = PBXProject;
			attributes = {
				LastSwiftUpdateCheck = 0940;
				LastUpgradeCheck = 0940;
				ORGANIZATIONNAME = codepath;
				TargetAttributes = {
					9BB52F3722163E4600EAE883 = {
						CreatedOnToolsVersion = 9.4.1;
					};
					9BB52F4B22163E4800EAE883 = {
						CreatedOnToolsVersion = 9.4.1;
						TestTargetID = 9BB52F3722163E4600EAE883;
					};
					9BB52F5622163E4800EAE883 = {
						CreatedOnToolsVersion = 9.4.1;
						TestTargetID = 9BB52F3722163E4600EAE883;
					};
				};
			};
			buildConfigurationList = 9BB52F3322163E4600EAE883 /* Build configuration list for PBXProject "Tip" */;
			compatibilityVersion = "Xcode 9.3";
			developmentRegion = en;
			hasScannedForEncodings = 0;
			knownRegions = (
				en,
				Base,
			);
			mainGroup = 9BB52F2F22163E4600EAE883;
			productRefGroup = 9BB52F3922163E4600EAE883 /* Products */;
			projectDirPath = "";
			projectRoot = "";
			targets = (
				9BB52F3722163E4600EAE883 /* Tip */,
				9BB52F4B22163E4800EAE883 /* TipTests */,
				9BB52F5622163E4800EAE883 /* TipUITests */,
			);
		};
/* End PBXProject section */

/* Begin PBXResourcesBuildPhase section */
		9BB52F3622163E4600EAE883 /* Resources */ = {
			isa = PBXResourcesBuildPhase;
			buildActionMask = 2147483647;
			files = (
				9BB52F4622163E4800EAE883 /* LaunchScreen.storyboard in Resources */,
				9BB52F4322163E4800EAE883 /* Assets.xcassets in Resources */,
				9BB52F4122163E4600EAE883 /* Main.storyboard in Resources */,
			);
			runOnlyForDeploymentPostprocessing = 0;
		};
		9BB52F4A22163E4800EAE883 /* Resources */ = {
			isa = PBXResourcesBuildPhase;
			buildActionMask = 2147483647;
			files = (
			);
			runOnlyForDeploymentPostprocessing = 0;
		};
		9BB52F5522163E4800EAE883 /* Resources */ = {
			isa = PBXResourcesBuildPhase;
			buildActionMask = 2147483647;
			files = (
			);
			runOnlyForDeploymentPostprocessing = 0;
		};
/* End PBXResourcesBuildPhase section */

/* Begin PBXSourcesBuildPhase section */
		9BB52F3422163E4600EAE883 /* Sources */ = {
			isa = PBXSourcesBuildPhase;
			buildActionMask = 2147483647;
			files = (
				9BB52F3E22163E4600EAE883 /* ViewController.swift in Sources */,
				9BB52F3C22163E4600EAE883 /* AppDelegate.swift in Sources */,
			);
			runOnlyForDeploymentPostprocessing = 0;
		};
		9BB52F4822163E4800EAE883 /* Sources */ = {
			isa = PBXSourcesBuildPhase;
			buildActionMask = 2147483647;
			files = (
				9BB52F5122163E4800EAE883 /* TipTests.swift in Sources */,
			);
			runOnlyForDeploymentPostprocessing = 0;
		};
		9BB52F5322163E4800EAE883 /* Sources */ = {
			isa = PBXSourcesBuildPhase;
			buildActionMask = 2147483647;
			files = (
				9BB52F5C22163E4800EAE883 /* TipUITests.swift in Sources */,
			);
			runOnlyForDeploymentPostprocessing = 0;
		};
/* End PBXSourcesBuildPhase section */

/* Begin PBXTargetDependency section */
		9BB52F4E22163E4800EAE883 /* PBXTargetDependency */ = {
			isa = PBXTargetDependency;
			target = 9BB52F3722163E4600EAE883 /* Tip */;
			targetProxy = 9BB52F4D22163E4800EAE883 /* PBXContainerItemProxy */;
		};
		9BB52F5922163E4800EAE883 /* PBXTargetDependency */ = {
			isa = PBXTargetDependency;
			target = 9BB52F3722163E4600EAE883 /* Tip */;
			targetProxy = 9BB52F5822163E4800EAE883 /* PBXContainerItemProxy */;
		};
/* End PBXTargetDependency section */

/* Begin PBXVariantGroup section */
		9BB52F3F22163E4600EAE883 /* Main.storyboard */ = {
			isa = PBXVariantGroup;
			children = (
				9BB52F4022163E4600EAE883 /* Base */,
			);
			name = Main.storyboard;
			sourceTree = "<group>";
		};
		9BB52F4422163E4800EAE883 /* LaunchScreen.storyboard */ = {
			isa = PBXVariantGroup;
			children = (
				9BB52F4522163E4800EAE883 /* Base */,
			);
			name = LaunchScreen.storyboard;
			sourceTree = "<group>";
		};
/* End PBXVariantGroup section */

/* Begin XCBuildConfiguration section */
		9BB52F5E22163E4800EAE883 /* Debug */ = {
			isa = XCBuildConfiguration;
			buildSettings = {
				ALWAYS_SEARCH_USER_PATHS = NO;
				CLANG_ANALYZER_NONNULL = YES;
				CLANG_ANALYZER_NUMBER_OBJECT_CONVERSION = YES_AGGRESSIVE;
				CLANG_CXX_LANGUAGE_STANDARD = "gnu++14";
				CLANG_CXX_LIBRARY = "libc++";
				CLANG_ENABLE_MODULES = YES;
				CLANG_ENABLE_OBJC_ARC = YES;
				CLANG_ENABLE_OBJC_WEAK = YES;
				CLANG_WARN_BLOCK_CAPTURE_AUTORELEASING = YES;
				CLANG_WARN_BOOL_CONVERSION = YES;
				CLANG_WARN_COMMA = YES;
				CLANG_WARN_CONSTANT_CONVERSION = YES;
				CLANG_WARN_DEPRECATED_OBJC_IMPLEMENTATIONS = YES;
				CLANG_WARN_DIRECT_OBJC_ISA_USAGE = YES_ERROR;
				CLANG_WARN_DOCUMENTATION_COMMENTS = YES;
				CLANG_WARN_EMPTY_BODY = YES;
				CLANG_WARN_ENUM_CONVERSION = YES;
				CLANG_WARN_INFINITE_RECURSION = YES;
				CLANG_WARN_INT_CONVERSION = YES;
				CLANG_WARN_NON_LITERAL_NULL_CONVERSION = YES;
				CLANG_WARN_OBJC_IMPLICIT_RETAIN_SELF = YES;
				CLANG_WARN_OBJC_LITERAL_CONVERSION = YES;
				CLANG_WARN_OBJC_ROOT_CLASS = YES_ERROR;
				CLANG_WARN_RANGE_LOOP_ANALYSIS = YES;
				CLANG_WARN_STRICT_PROTOTYPES = YES;
				CLANG_WARN_SUSPICIOUS_MOVE = YES;
				CLANG_WARN_UNGUARDED_AVAILABILITY = YES_AGGRESSIVE;
				CLANG_WARN_UNREACHABLE_CODE = YES;
				CLANG_WARN__DUPLICATE_METHOD_MATCH = YES;
				CODE_SIGN_IDENTITY = "iPhone Developer";
				COPY_PHASE_STRIP = NO;
				DEBUG_INFORMATION_FORMAT = dwarf;
				ENABLE_STRICT_OBJC_MSGSEND = YES;
				ENABLE_TESTABILITY = YES;
				GCC_C_LANGUAGE_STANDARD = gnu11;
				GCC_DYNAMIC_NO_PIC = NO;
				GCC_NO_COMMON_BLOCKS = YES;
				GCC_OPTIMIZATION_LEVEL = 0;
				GCC_PREPROCESSOR_DEFINITIONS = (
					"DEBUG=1",
					"$(inherited)",
				);
				GCC_WARN_64_TO_32_BIT_CONVERSION = YES;
				GCC_WARN_ABOUT_RETURN_TYPE = YES_ERROR;
				GCC_WARN_UNDECLARED_SELECTOR = YES;
				GCC_WARN_UNINITIALIZED_AUTOS = YES_AGGRESSIVE;
				GCC_WARN_UNUSED_FUNCTION = YES;
				GCC_WARN_UNUSED_VARIABLE = YES;
				IPHONEOS_DEPLOYMENT_TARGET = 11.4;
				MTL_ENABLE_DEBUG_INFO = YES;
				ONLY_ACTIVE_ARCH = YES;
				SDKROOT = iphoneos;
				SWIFT_ACTIVE_COMPILATION_CONDITIONS = DEBUG;
				SWIFT_OPTIMIZATION_LEVEL = "-Onone";
			};
			name = Debug;
		};
		9BB52F5F22163E4800EAE883 /* Release */ = {
			isa = XCBuildConfiguration;
			buildSettings = {
				ALWAYS_SEARCH_USER_PATHS = NO;
				CLANG_ANALYZER_NONNULL = YES;
				CLANG_ANALYZER_NUMBER_OBJECT_CONVERSION = YES_AGGRESSIVE;
				CLANG_CXX_LANGUAGE_STANDARD = "gnu++14";
				CLANG_CXX_LIBRARY = "libc++";
				CLANG_ENABLE_MODULES = YES;
				CLANG_ENABLE_OBJC_ARC = YES;
				CLANG_ENABLE_OBJC_WEAK = YES;
				CLANG_WARN_BLOCK_CAPTURE_AUTORELEASING = YES;
				CLANG_WARN_BOOL_CONVERSION = YES;
				CLANG_WARN_COMMA = YES;
				CLANG_WARN_CONSTANT_CONVERSION = YES;
				CLANG_WARN_DEPRECATED_OBJC_IMPLEMENTATIONS = YES;
				CLANG_WARN_DIRECT_OBJC_ISA_USAGE = YES_ERROR;
				CLANG_WARN_DOCUMENTATION_COMMENTS = YES;
				CLANG_WARN_EMPTY_BODY = YES;
				CLANG_WARN_ENUM_CONVERSION = YES;
				CLANG_WARN_INFINITE_RECURSION = YES;
				CLANG_WARN_INT_CONVERSION = YES;
				CLANG_WARN_NON_LITERAL_NULL_CONVERSION = YES;
				CLANG_WARN_OBJC_IMPLICIT_RETAIN_SELF = YES;
				CLANG_WARN_OBJC_LITERAL_CONVERSION = YES;
				CLANG_WARN_OBJC_ROOT_CLASS = YES_ERROR;
				CLANG_WARN_RANGE_LOOP_ANALYSIS = YES;
				CLANG_WARN_STRICT_PROTOTYPES = YES;
				CLANG_WARN_SUSPICIOUS_MOVE = YES;
				CLANG_WARN_UNGUARDED_AVAILABILITY = YES_AGGRESSIVE;
				CLANG_WARN_UNREACHABLE_CODE = YES;
				CLANG_WARN__DUPLICATE_METHOD_MATCH = YES;
				CODE_SIGN_IDENTITY = "iPhone Developer";
				COPY_PHASE_STRIP = NO;
				DEBUG_INFORMATION_FORMAT = "dwarf-with-dsym";
				ENABLE_NS_ASSERTIONS = NO;
				ENABLE_STRICT_OBJC_MSGSEND = YES;
				GCC_C_LANGUAGE_STANDARD = gnu11;
				GCC_NO_COMMON_BLOCKS = YES;
				GCC_WARN_64_TO_32_BIT_CONVERSION = YES;
				GCC_WARN_ABOUT_RETURN_TYPE = YES_ERROR;
				GCC_WARN_UNDECLARED_SELECTOR = YES;
				GCC_WARN_UNINITIALIZED_AUTOS = YES_AGGRESSIVE;
				GCC_WARN_UNUSED_FUNCTION = YES;
				GCC_WARN_UNUSED_VARIABLE = YES;
				IPHONEOS_DEPLOYMENT_TARGET = 11.4;
				MTL_ENABLE_DEBUG_INFO = NO;
				SDKROOT = iphoneos;
				SWIFT_COMPILATION_MODE = wholemodule;
				SWIFT_OPTIMIZATION_LEVEL = "-O";
				VALIDATE_PRODUCT = YES;
			};
			name = Release;
		};
		9BB52F6122163E4800EAE883 /* Debug */ = {
			isa = XCBuildConfiguration;
			buildSettings = {
				ASSETCATALOG_COMPILER_APPICON_NAME = AppIcon;
				CODE_SIGN_STYLE = Automatic;
				INFOPLIST_FILE = Tip/Info.plist;
				LD_RUNPATH_SEARCH_PATHS = (
					"$(inherited)",
					"@executable_path/Frameworks",
				);
				PRODUCT_BUNDLE_IDENTIFIER = com.codepath.Tip;
				PRODUCT_NAME = "$(TARGET_NAME)";
				SWIFT_VERSION = 4.0;
				TARGETED_DEVICE_FAMILY = "1,2";
			};
			name = Debug;
		};
		9BB52F6222163E4800EAE883 /* Release */ = {
			isa = XCBuildConfiguration;
			buildSettings = {
				ASSETCATALOG_COMPILER_APPICON_NAME = AppIcon;
				CODE_SIGN_STYLE = Automatic;
				INFOPLIST_FILE = Tip/Info.plist;
				LD_RUNPATH_SEARCH_PATHS = (
					"$(inherited)",
					"@executable_path/Frameworks",
				);
				PRODUCT_BUNDLE_IDENTIFIER = com.codepath.Tip;
				PRODUCT_NAME = "$(TARGET_NAME)";
				SWIFT_VERSION = 4.0;
				TARGETED_DEVICE_FAMILY = "1,2";
			};
			name = Release;
		};
		9BB52F6422163E4800EAE883 /* Debug */ = {
			isa = XCBuildConfiguration;
			buildSettings = {
				ALWAYS_EMBED_SWIFT_STANDARD_LIBRARIES = YES;
				BUNDLE_LOADER = "$(TEST_HOST)";
				CODE_SIGN_STYLE = Automatic;
				INFOPLIST_FILE = TipTests/Info.plist;
				LD_RUNPATH_SEARCH_PATHS = (
					"$(inherited)",
					"@executable_path/Frameworks",
					"@loader_path/Frameworks",
				);
				PRODUCT_BUNDLE_IDENTIFIER = com.codepath.TipTests;
				PRODUCT_NAME = "$(TARGET_NAME)";
				SWIFT_VERSION = 4.0;
				TARGETED_DEVICE_FAMILY = "1,2";
				TEST_HOST = "$(BUILT_PRODUCTS_DIR)/Tip.app/Tip";
			};
			name = Debug;
		};
		9BB52F6522163E4800EAE883 /* Release */ = {
			isa = XCBuildConfiguration;
			buildSettings = {
				ALWAYS_EMBED_SWIFT_STANDARD_LIBRARIES = YES;
				BUNDLE_LOADER = "$(TEST_HOST)";
				CODE_SIGN_STYLE = Automatic;
				INFOPLIST_FILE = TipTests/Info.plist;
				LD_RUNPATH_SEARCH_PATHS = (
					"$(inherited)",
					"@executable_path/Frameworks",
					"@loader_path/Frameworks",
				);
				PRODUCT_BUNDLE_IDENTIFIER = com.codepath.TipTests;
				PRODUCT_NAME = "$(TARGET_NAME)";
				SWIFT_VERSION = 4.0;
				TARGETED_DEVICE_FAMILY = "1,2";
				TEST_HOST = "$(BUILT_PRODUCTS_DIR)/Tip.app/Tip";
			};
			name = Release;
		};
		9BB52F6722163E4800EAE883 /* Debug */ = {
			isa = XCBuildConfiguration;
			buildSettings = {
				ALWAYS_EMBED_SWIFT_STANDARD_LIBRARIES = YES;
				CODE_SIGN_STYLE = Automatic;
				INFOPLIST_FILE = TipUITests/Info.plist;
				LD_RUNPATH_SEARCH_PATHS = (
					"$(inherited)",
					"@executable_path/Frameworks",
					"@loader_path/Frameworks",
				);
				PRODUCT_BUNDLE_IDENTIFIER = com.codepath.TipUITests;
				PRODUCT_NAME = "$(TARGET_NAME)";
				SWIFT_VERSION = 4.0;
				TARGETED_DEVICE_FAMILY = "1,2";
				TEST_TARGET_NAME = Tip;
			};
			name = Debug;
		};
		9BB52F6822163E4800EAE883 /* Release */ = {
			isa = XCBuildConfiguration;
			buildSettings = {
				ALWAYS_EMBED_SWIFT_STANDARD_LIBRARIES = YES;
				CODE_SIGN_STYLE = Automatic;
				INFOPLIST_FILE = TipUITests/Info.plist;
				LD_RUNPATH_SEARCH_PATHS = (
					"$(inherited)",
					"@executable_path/Frameworks",
					"@loader_path/Frameworks",
				);
				PRODUCT_BUNDLE_IDENTIFIER = com.codepath.TipUITests;
				PRODUCT_NAME = "$(TARGET_NAME)";
				SWIFT_VERSION = 4.0;
				TARGETED_DEVICE_FAMILY = "1,2";
				TEST_TARGET_NAME = Tip;
			};
			name = Release;
		};
/* End XCBuildConfiguration section */

/* Begin XCConfigurationList section */
		9BB52F3322163E4600EAE883 /* Build configuration list for PBXProject "Tip" */ = {
			isa = XCConfigurationList;
			buildConfigurations = (
				9BB52F5E22163E4800EAE883 /* Debug */,
				9BB52F5F22163E4800EAE883 /* Release */,
			);
			defaultConfigurationIsVisible = 0;
			defaultConfigurationName = Release;
		};
		9BB52F6022163E4800EAE883 /* Build configuration list for PBXNativeTarget "Tip" */ = {
			isa = XCConfigurationList;
			buildConfigurations = (
				9BB52F6122163E4800EAE883 /* Debug */,
				9BB52F6222163E4800EAE883 /* Release */,
			);
			defaultConfigurationIsVisible = 0;
			defaultConfigurationName = Release;
		};
		9BB52F6322163E4800EAE883 /* Build configuration list for PBXNativeTarget "TipTests" */ = {
			isa = XCConfigurationList;
			buildConfigurations = (
				9BB52F6422163E4800EAE883 /* Debug */,
				9BB52F6522163E4800EAE883 /* Release */,
			);
			defaultConfigurationIsVisible = 0;
			defaultConfigurationName = Release;
		};
		9BB52F6622163E4800EAE883 /* Build configuration list for PBXNativeTarget "TipUITests" */ = {
			isa = XCConfigurationList;
			buildConfigurations = (
				9BB52F6722163E4800EAE883 /* Debug */,
				9BB52F6822163E4800EAE883 /* Release */,
			);
			defaultConfigurationIsVisible = 0;
			defaultConfigurationName = Release;
		};
/* End XCConfigurationList section */
	};
	rootObject = 9BB52F3022163E4600EAE883 /* Project object */;
}
